
Microsoft Visual Studio Solution File, Format Version 12.00
# Visual Studio 14
VisualStudioVersion = 14.0.25123.0
MinimumVisualStudioVersion = 10.0.40219.1
Project("{B2799607-55D6-4DD3-8D91-13667EF290ED}") = "Sitecore.Support.253276", "Sitecore.Support.253276\Sitecore.Support.253276.csproj", "{F3EAB00D-A27B-47B8-B62B-EF47CDA2A750}"
EndProject
Global
	GlobalSection(SolutionConfigurationPlatforms) = preSolution
		Debug|Any CPU = Debug|Any CPU
		Release|Any CPU = Release|Any CPU
	EndGlobalSection
	GlobalSection(ProjectConfigurationPlatforms) = postSolution
		{F3EAB00D-A27B-47B8-B62B-EF47CDA2A750}.Debug|Any CPU.ActiveCfg = Debug|Any CPU
		{F3EAB00D-A27B-47B8-B62B-EF47CDA2A750}.Debug|Any CPU.Build.0 = Debug|Any CPU
		{F3EAB00D-A27B-47B8-B62B-EF47CDA2A750}.Release|Any CPU.ActiveCfg = Release|Any CPU
		{F3EAB00D-A27B-47B8-B62B-EF47CDA2A750}.Release|Any CPU.Build.0 = Release|Any CPU
	EndGlobalSection
	GlobalSection(SolutionProperties) = preSolution
		HideSolutionNode = FALSE
	EndGlobalSection
EndGlobal
